
Microsoft Visual Studio Solution File, Format Version 12.00
# Visual Studio Version 17
VisualStudioVersion = 17.7.34031.279
MinimumVisualStudioVersion = 10.0.40219.1
Project("{9A19103F-16F7-4668-BE54-9A1E7A4F7556}") = "BSHospital.WebSite", "BSHospital.WebSite\BSHospital.WebSite.csproj", "{8E482EF4-987E-435C-AE4F-BA73C8A2BB8B}"
EndProject
Project("{9A19103F-16F7-4668-BE54-9A1E7A4F7556}") = "BSHospitalProject.Models", "BSHospitalProject.Models\BSHospitalProject.Models.csproj", "{C8598CF0-1380-48DB-B00B-576750597E58}"
EndProject
Project("{9A19103F-16F7-4668-BE54-9A1E7A4F7556}") = "BSHospital.Data", "BSHospital.Data\BSHospital.Data.csproj", "{DB910B21-6FE6-4374-9F62-349FCADBFDEA}"
EndProject
Project("{FAE04EC0-301F-11D3-BF4B-00C04F79EFBC}") = "BSHospital.Repository", "BSHospital.Repository\BSHospital.Repository.csproj", "{E024D294-9587-4650-89BE-9AFCAB06BA71}"
EndProject
Project("{FAE04EC0-301F-11D3-BF4B-00C04F79EFBC}") = "BSHospital.Utility", "BSHospital.Utility\BSHospital.Utility.csproj", "{FD20A6CA-4335-4B2A-BFA0-4EB24BB198CB}"
EndProject
Global
	GlobalSection(SolutionConfigurationPlatforms) = preSolution
		Debug|Any CPU = Debug|Any CPU
		Release|Any CPU = Release|Any CPU
	EndGlobalSection
	GlobalSection(ProjectConfigurationPlatforms) = postSolution
		{8E482EF4-987E-435C-AE4F-BA73C8A2BB8B}.Debug|Any CPU.ActiveCfg = Debug|Any CPU
		{8E482EF4-987E-435C-AE4F-BA73C8A2BB8B}.Debug|Any CPU.Build.0 = Debug|Any CPU
		{8E482EF4-987E-435C-AE4F-BA73C8A2BB8B}.Release|Any CPU.ActiveCfg = Release|Any CPU
		{8E482EF4-987E-435C-AE4F-BA73C8A2BB8B}.Release|Any CPU.Build.0 = Release|Any CPU
		{C8598CF0-1380-48DB-B00B-576750597E58}.Debug|Any CPU.ActiveCfg = Debug|Any CPU
		{C8598CF0-1380-48DB-B00B-576750597E58}.Debug|Any CPU.Build.0 = Debug|Any CPU
		{C8598CF0-1380-48DB-B00B-576750597E58}.Release|Any CPU.ActiveCfg = Release|Any CPU
		{C8598CF0-1380-48DB-B00B-576750597E58}.Release|Any CPU.Build.0 = Release|Any CPU
		{DB910B21-6FE6-4374-9F62-349FCADBFDEA}.Debug|Any CPU.ActiveCfg = Debug|Any CPU
		{DB910B21-6FE6-4374-9F62-349FCADBFDEA}.Debug|Any CPU.Build.0 = Debug|Any CPU
		{DB910B21-6FE6-4374-9F62-349FCADBFDEA}.Release|Any CPU.ActiveCfg = Release|Any CPU
		{DB910B21-6FE6-4374-9F62-349FCADBFDEA}.Release|Any CPU.Build.0 = Release|Any CPU
		{E024D294-9587-4650-89BE-9AFCAB06BA71}.Debug|Any CPU.ActiveCfg = Debug|Any CPU
		{E024D294-9587-4650-89BE-9AFCAB06BA71}.Debug|Any CPU.Build.0 = Debug|Any CPU
		{E024D294-9587-4650-89BE-9AFCAB06BA71}.Release|Any CPU.ActiveCfg = Release|Any CPU
		{E024D294-9587-4650-89BE-9AFCAB06BA71}.Release|Any CPU.Build.0 = Release|Any CPU
		{FD20A6CA-4335-4B2A-BFA0-4EB24BB198CB}.Debug|Any CPU.ActiveCfg = Debug|Any CPU
		{FD20A6CA-4335-4B2A-BFA0-4EB24BB198CB}.Debug|Any CPU.Build.0 = Debug|Any CPU
		{FD20A6CA-4335-4B2A-BFA0-4EB24BB198CB}.Release|Any CPU.ActiveCfg = Release|Any CPU
		{FD20A6CA-4335-4B2A-BFA0-4EB24BB198CB}.Release|Any CPU.Build.0 = Release|Any CPU
	EndGlobalSection
	GlobalSection(SolutionProperties) = preSolution
		HideSolutionNode = FALSE
	EndGlobalSection
	GlobalSection(ExtensibilityGlobals) = postSolution
		SolutionGuid = {98A2E430-33B8-4BC5-B154-915FFEB71252}
	EndGlobalSection
EndGlobal
